
Microsoft Visual Studio Solution File, Format Version 12.00
# Visual Studio 14
VisualStudioVersion = 14.0.23107.0
MinimumVisualStudioVersion = 10.0.40219.1
Project("{2150E333-8FDC-42A3-9474-1A3956D46DE8}") = "Web", "Web", "{ADB3674E-291D-42C9-B8C7-097D1FF6D63F}"
EndProject
Project("{FAE04EC0-301F-11D3-BF4B-00C04F79EFBC}") = "OnlineGames.Web.AiPortal", "Web\OnlineGames.Web.AiPortal\OnlineGames.Web.AiPortal.csproj", "{5F79BED0-3B93-4199-BD3A-5752052A7AD9}"
EndProject
Global
	GlobalSection(SolutionConfigurationPlatforms) = preSolution
		Debug|Any CPU = Debug|Any CPU
		Release|Any CPU = Release|Any CPU
	EndGlobalSection
	GlobalSection(ProjectConfigurationPlatforms) = postSolution
		{5F79BED0-3B93-4199-BD3A-5752052A7AD9}.Debug|Any CPU.ActiveCfg = Debug|Any CPU
		{5F79BED0-3B93-4199-BD3A-5752052A7AD9}.Debug|Any CPU.Build.0 = Debug|Any CPU
		{5F79BED0-3B93-4199-BD3A-5752052A7AD9}.Release|Any CPU.ActiveCfg = Release|Any CPU
		{5F79BED0-3B93-4199-BD3A-5752052A7AD9}.Release|Any CPU.Build.0 = Release|Any CPU
	EndGlobalSection
	GlobalSection(SolutionProperties) = preSolution
		HideSolutionNode = FALSE
	EndGlobalSection
	GlobalSection(NestedProjects) = preSolution
		{5F79BED0-3B93-4199-BD3A-5752052A7AD9} = {ADB3674E-291D-42C9-B8C7-097D1FF6D63F}
	EndGlobalSection
EndGlobal
